
Microsoft Visual Studio Solution File, Format Version 12.00
# Visual Studio 14
VisualStudioVersion = 14.0.25420.1
MinimumVisualStudioVersion = 10.0.40219.1
Project("{FAE04EC0-301F-11D3-BF4B-00C04F79EFBC}") = "BugTracking", "BugTracking\BugTracking.csproj", "{33F32F2D-78D1-4E13-B20E-E99F49D57D94}"
EndProject
Global
	GlobalSection(SolutionConfigurationPlatforms) = preSolution
		Debug|Any CPU = Debug|Any CPU
		Release|Any CPU = Release|Any CPU
	EndGlobalSection
	GlobalSection(ProjectConfigurationPlatforms) = postSolution
		{33F32F2D-78D1-4E13-B20E-E99F49D57D94}.Debug|Any CPU.ActiveCfg = Debug|Any CPU
		{33F32F2D-78D1-4E13-B20E-E99F49D57D94}.Debug|Any CPU.Build.0 = Debug|Any CPU
		{33F32F2D-78D1-4E13-B20E-E99F49D57D94}.Release|Any CPU.ActiveCfg = Release|Any CPU
		{33F32F2D-78D1-4E13-B20E-E99F49D57D94}.Release|Any CPU.Build.0 = Release|Any CPU
	EndGlobalSection
	GlobalSection(SolutionProperties) = preSolution
		HideSolutionNode = FALSE
	EndGlobalSection
EndGlobal
