
Microsoft Visual Studio Solution File, Format Version 12.00
# Visual Studio 15
VisualStudioVersion = 15.0.27130.0
MinimumVisualStudioVersion = 10.0.40219.1
Project("{FAE04EC0-301F-11D3-BF4B-00C04F79EFBC}") = "BugTracking", "BugTracking\BugTracking.csproj", "{02C783F6-70A8-4459-A261-111FE5C46635}"
EndProject
Project("{FAE04EC0-301F-11D3-BF4B-00C04F79EFBC}") = "BugManager", "BugManager\BugManager.csproj", "{D78C02FF-C240-4F42-AAB4-1F4A88F89704}"
EndProject
Project("{FAE04EC0-301F-11D3-BF4B-00C04F79EFBC}") = "BugTests", "BugTests\BugTests.csproj", "{5448548B-7E31-4104-A321-EE58C28C5645}"
EndProject
Global
	GlobalSection(SolutionConfigurationPlatforms) = preSolution
		Debug|Any CPU = Debug|Any CPU
		Release|Any CPU = Release|Any CPU
	EndGlobalSection
	GlobalSection(ProjectConfigurationPlatforms) = postSolution
		{02C783F6-70A8-4459-A261-111FE5C46635}.Debug|Any CPU.ActiveCfg = Debug|Any CPU
		{02C783F6-70A8-4459-A261-111FE5C46635}.Debug|Any CPU.Build.0 = Debug|Any CPU
		{02C783F6-70A8-4459-A261-111FE5C46635}.Release|Any CPU.ActiveCfg = Release|Any CPU
		{02C783F6-70A8-4459-A261-111FE5C46635}.Release|Any CPU.Build.0 = Release|Any CPU
		{D78C02FF-C240-4F42-AAB4-1F4A88F89704}.Debug|Any CPU.ActiveCfg = Debug|Any CPU
		{D78C02FF-C240-4F42-AAB4-1F4A88F89704}.Debug|Any CPU.Build.0 = Debug|Any CPU
		{D78C02FF-C240-4F42-AAB4-1F4A88F89704}.Release|Any CPU.ActiveCfg = Release|Any CPU
		{D78C02FF-C240-4F42-AAB4-1F4A88F89704}.Release|Any CPU.Build.0 = Release|Any CPU
		{5448548B-7E31-4104-A321-EE58C28C5645}.Debug|Any CPU.ActiveCfg = Debug|Any CPU
		{5448548B-7E31-4104-A321-EE58C28C5645}.Debug|Any CPU.Build.0 = Debug|Any CPU
		{5448548B-7E31-4104-A321-EE58C28C5645}.Release|Any CPU.ActiveCfg = Release|Any CPU
		{5448548B-7E31-4104-A321-EE58C28C5645}.Release|Any CPU.Build.0 = Release|Any CPU
	EndGlobalSection
	GlobalSection(SolutionProperties) = preSolution
		HideSolutionNode = FALSE
	EndGlobalSection
	GlobalSection(ExtensibilityGlobals) = postSolution
		SolutionGuid = {FAD99B88-BCFE-43EC-882A-3BEE8659901A}
	EndGlobalSection
EndGlobal
